
Microsoft Visual Studio Solution File, Format Version 12.00
# Visual Studio Version 17
VisualStudioVersion = 17.8.34408.163
MinimumVisualStudioVersion = 10.0.40219.1
Project("{FAE04EC0-301F-11D3-BF4B-00C04F79EFBC}") = "IntercomWindowsForms", "IntercomWindowsForms\IntercomWindowsForms.csproj", "{DE8D0A20-724A-4C8F-BD68-86325AD216E7}"
EndProject
Global
	GlobalSection(SolutionConfigurationPlatforms) = preSolution
		Debug|Any CPU = Debug|Any CPU
		Release|Any CPU = Release|Any CPU
	EndGlobalSection
	GlobalSection(ProjectConfigurationPlatforms) = postSolution
		{DE8D0A20-724A-4C8F-BD68-86325AD216E7}.Debug|Any CPU.ActiveCfg = Debug|Any CPU
		{DE8D0A20-724A-4C8F-BD68-86325AD216E7}.Debug|Any CPU.Build.0 = Debug|Any CPU
		{DE8D0A20-724A-4C8F-BD68-86325AD216E7}.Release|Any CPU.ActiveCfg = Release|Any CPU
		{DE8D0A20-724A-4C8F-BD68-86325AD216E7}.Release|Any CPU.Build.0 = Release|Any CPU
	EndGlobalSection
	GlobalSection(SolutionProperties) = preSolution
		HideSolutionNode = FALSE
	EndGlobalSection
	GlobalSection(ExtensibilityGlobals) = postSolution
		SolutionGuid = {E986B603-19E9-4AAE-A2BD-67785B5AA6D9}
	EndGlobalSection
EndGlobal
